
Microsoft Visual Studio Solution File, Format Version 12.00
# Visual Studio 14
VisualStudioVersion = 14.0.24720.0
MinimumVisualStudioVersion = 10.0.40219.1
Project("{FAE04EC0-301F-11D3-BF4B-00C04F79EFBC}") = "BookCardIndexServiceLib", "BookCardIndexServiceLib\BookCardIndexServiceLib.csproj", "{215BE9C2-D4E5-4C3A-A360-48144EB05955}"
EndProject
Project("{FAE04EC0-301F-11D3-BF4B-00C04F79EFBC}") = "BookCardIndexServiceHost", "BookCardIndexServiceHost\BookCardIndexServiceHost.csproj", "{07DEBC0E-9B88-4C40-9A2B-EDFD4857CD6B}"
EndProject
Global
	GlobalSection(SolutionConfigurationPlatforms) = preSolution
		Debug|Any CPU = Debug|Any CPU
		Release|Any CPU = Release|Any CPU
	EndGlobalSection
	GlobalSection(ProjectConfigurationPlatforms) = postSolution
		{215BE9C2-D4E5-4C3A-A360-48144EB05955}.Debug|Any CPU.ActiveCfg = Debug|Any CPU
		{215BE9C2-D4E5-4C3A-A360-48144EB05955}.Debug|Any CPU.Build.0 = Debug|Any CPU
		{215BE9C2-D4E5-4C3A-A360-48144EB05955}.Release|Any CPU.ActiveCfg = Release|Any CPU
		{215BE9C2-D4E5-4C3A-A360-48144EB05955}.Release|Any CPU.Build.0 = Release|Any CPU
		{07DEBC0E-9B88-4C40-9A2B-EDFD4857CD6B}.Debug|Any CPU.ActiveCfg = Debug|Any CPU
		{07DEBC0E-9B88-4C40-9A2B-EDFD4857CD6B}.Debug|Any CPU.Build.0 = Debug|Any CPU
		{07DEBC0E-9B88-4C40-9A2B-EDFD4857CD6B}.Release|Any CPU.ActiveCfg = Release|Any CPU
		{07DEBC0E-9B88-4C40-9A2B-EDFD4857CD6B}.Release|Any CPU.Build.0 = Release|Any CPU
	EndGlobalSection
	GlobalSection(SolutionProperties) = preSolution
		HideSolutionNode = FALSE
	EndGlobalSection
EndGlobal
